
Microsoft Visual Studio Solution File, Format Version 12.00
# Visual Studio Version 16
VisualStudioVersion = 16.0.32929.386
MinimumVisualStudioVersion = 10.0.40219.1
Project("{8BC9CEB8-8B4A-11D0-8D11-00A0C91BC942}") = "Chifurika-GTAOnline", "Chifurika-GTAOnline\Chifurika-GTAOnline.vcxproj", "{13031073-FD6A-442D-9E6B-8732D5963B5F}"
EndProject
Project("{2150E333-8FDC-42A3-9474-1A3956D46DE8}") = "Imgui", "Imgui", "{CD7F0DD2-08AF-4530-93E7-65987B864F6F}"
EndProject
Global
	GlobalSection(SolutionConfigurationPlatforms) = preSolution
		Debug|x64 = Debug|x64
		Debug|x86 = Debug|x86
		Release|x64 = Release|x64
		Release|x86 = Release|x86
	EndGlobalSection
	GlobalSection(ProjectConfigurationPlatforms) = postSolution
		{13031073-FD6A-442D-9E6B-8732D5963B5F}.Debug|x64.ActiveCfg = Debug|x64
		{13031073-FD6A-442D-9E6B-8732D5963B5F}.Debug|x64.Build.0 = Debug|x64
		{13031073-FD6A-442D-9E6B-8732D5963B5F}.Debug|x86.ActiveCfg = Debug|Win32
		{13031073-FD6A-442D-9E6B-8732D5963B5F}.Debug|x86.Build.0 = Debug|Win32
		{13031073-FD6A-442D-9E6B-8732D5963B5F}.Release|x64.ActiveCfg = Release|x64
		{13031073-FD6A-442D-9E6B-8732D5963B5F}.Release|x64.Build.0 = Release|x64
		{13031073-FD6A-442D-9E6B-8732D5963B5F}.Release|x86.ActiveCfg = Release|Win32
		{13031073-FD6A-442D-9E6B-8732D5963B5F}.Release|x86.Build.0 = Release|Win32
	EndGlobalSection
	GlobalSection(SolutionProperties) = preSolution
		HideSolutionNode = FALSE
	EndGlobalSection
	GlobalSection(ExtensibilityGlobals) = postSolution
		SolutionGuid = {7A7135FE-2897-4FAD-84A2-837BF956472E}
	EndGlobalSection
EndGlobal
